{
  "name": "spotify",
  "version": "1.0.0",
  "lockfileVersion": 3,
  "requires": true,
  "packages": {
    "": {
      "name": "spotify",
      "version": "1.0.0",
      "license": "ISC",
      "dependencies": {
        "datex.js": "^1.0.12"
      }
    },
    "node_modules/datex.js": {
      "version": "1.0.12",
      "resolved": "https://registry.npmjs.org/datex.js/-/datex.js-1.0.12.tgz",
      "integrity": "sha512-ausy6NwRTRdhxPZmuhf4c/u/bzcihzyRAQpxx04WSxBOdUeu4zkFiXM1T189Xd9G4i5EFlYM9W06GiAraAB7yA=="
    }
  }
}
